// !$*UTF8*$!
{
	archiveVersion = 1;
	classes = {
	};
	objectVersion = 50;
	objects = {

/* Begin PBXBuildFile section */
		18D422B52158EADA0073A54F /* AppDelegate.swift in Sources */ = {isa = PBXBuildFile; fileRef = 18D422B42158EAD90073A54F /* AppDelegate.swift */; };
		18D422B72158EADA0073A54F /* ViewController.swift in Sources */ = {isa = PBXBuildFile; fileRef = 18D422B62158EADA0073A54F /* ViewController.swift */; };
		18D422BA2158EADA0073A54F /* Main.storyboard in Resources */ = {isa = PBXBuildFile; fileRef = 18D422B82158EADA0073A54F /* Main.storyboard */; };
		18D422BF2158EAF20073A54F /* Assets.xcassets in Resources */ = {isa = PBXBuildFile; fileRef = 18D422BE2158EAF20073A54F /* Assets.xcassets */; };
		18D422C22158EAF20073A54F /* LaunchScreen.storyboard in Resources */ = {isa = PBXBuildFile; fileRef = 18D422C02158EAF20073A54F /* LaunchScreen.storyboard */; };
		18D422CD2158EAF30073A54F /* ArKitAppsTests.swift in Sources */ = {isa = PBXBuildFile; fileRef = 18D422CC2158EAF30073A54F /* ArKitAppsTests.swift */; };
		18D422D82158EAF30073A54F /* ArKitAppsUITests.swift in Sources */ = {isa = PBXBuildFile; fileRef = 18D422D72158EAF30073A54F /* ArKitAppsUITests.swift */; };
		18D422E72158EB9E0073A54F /* ARKit.framework in Frameworks */ = {isa = PBXBuildFile; fileRef = 18D422E62158EB9E0073A54F /* ARKit.framework */; };
/* End PBXBuildFile section */

/* Begin PBXContainerItemProxy section */
		18D422C92158EAF30073A54F /* PBXContainerItemProxy */ = {
			isa = PBXContainerItemProxy;
			containerPortal = 18D422A92158EAD80073A54F /* Project object */;
			proxyType = 1;
			remoteGlobalIDString = 18D422B02158EAD90073A54F;
			remoteInfo = ArKitApps;
		};
		18D422D42158EAF30073A54F /* PBXContainerItemProxy */ = {
			isa = PBXContainerItemProxy;
			containerPortal = 18D422A92158EAD80073A54F /* Project object */;
			proxyType = 1;
			remoteGlobalIDString = 18D422B02158EAD90073A54F;
			remoteInfo = ArKitApps;
		};
/* End PBXContainerItemProxy section */

/* Begin PBXFileReference section */
		18D422B12158EAD90073A54F /* ArKitApps.app */ = {isa = PBXFileReference; explicitFileType = wrapper.application; includeInIndex = 0; path = ArKitApps.app; sourceTree = BUILT_PRODUCTS_DIR; };
		18D422B42158EAD90073A54F /* AppDelegate.swift */ = {isa = PBXFileReference; lastKnownFileType = sourcecode.swift; path = AppDelegate.swift; sourceTree = "<group>"; };
		18D422B62158EADA0073A54F /* ViewController.swift */ = {isa = PBXFileReference; lastKnownFileType = sourcecode.swift; path = ViewController.swift; sourceTree = "<group>"; };
		18D422B92158EADA0073A54F /* Base */ = {isa = PBXFileReference; lastKnownFileType = file.storyboard; name = Base; path = Base.lproj/Main.storyboard; sourceTree = "<group>"; };
		18D422BE2158EAF20073A54F /* Assets.xcassets */ = {isa = PBXFileReference; lastKnownFileType = folder.assetcatalog; path = Assets.xcassets; sourceTree = "<group>"; };
		18D422C12158EAF20073A54F /* Base */ = {isa = PBXFileReference; lastKnownFileType = file.storyboard; name = Base; path = Base.lproj/LaunchScreen.storyboard; sourceTree = "<group>"; };
		18D422C32158EAF20073A54F /* Info.plist */ = {isa = PBXFileReference; lastKnownFileType = text.plist.xml; path = Info.plist; sourceTree = "<group>"; };
		18D422C82158EAF30073A54F /* ArKitAppsTests.xctest */ = {isa = PBXFileReference; explicitFileType = wrapper.cfbundle; includeInIndex = 0; path = ArKitAppsTests.xctest; sourceTree = BUILT_PRODUCTS_DIR; };
		18D422CC2158EAF30073A54F /* ArKitAppsTests.swift */ = {isa = PBXFileReference; lastKnownFileType = sourcecode.swift; path = ArKitAppsTests.swift; sourceTree = "<group>"; };
		18D422CE2158EAF30073A54F /* Info.plist */ = {isa = PBXFileReference; lastKnownFileType = text.plist.xml; path = Info.plist; sourceTree = "<group>"; };
		18D422D32158EAF30073A54F /* ArKitAppsUITests.xctest */ = {isa = PBXFileReference; explicitFileType = wrapper.cfbundle; includeInIndex = 0; path = ArKitAppsUITests.xctest; sourceTree = BUILT_PRODUCTS_DIR; };
		18D422D72158EAF30073A54F /* ArKitAppsUITests.swift */ = {isa = PBXFileReference; lastKnownFileType = sourcecode.swift; path = ArKitAppsUITests.swift; sourceTree = "<group>"; };
		18D422D92158EAF30073A54F /* Info.plist */ = {isa = PBXFileReference; lastKnownFileType = text.plist.xml; path = Info.plist; sourceTree = "<group>"; };
		18D422E62158EB9E0073A54F /* ARKit.framework */ = {isa = PBXFileReference; lastKnownFileType = wrapper.framework; name = ARKit.framework; path = System/Library/Frameworks/ARKit.framework; sourceTree = SDKROOT; };
/* End PBXFileReference section */

/* Begin PBXFrameworksBuildPhase section */
		18D422AE2158EAD90073A54F /* Frameworks */ = {
			isa = PBXFrameworksBuildPhase;
			buildActionMask = 2147483647;
			files = (
				18D422E72158EB9E0073A54F /* ARKit.framework in Frameworks */,
			);
			runOnlyForDeploymentPostprocessing = 0;
		};
		18D422C52158EAF30073A54F /* Frameworks */ = {
			isa = PBXFrameworksBuildPhase;
			buildActionMask = 2147483647;
			files = (
			);
			runOnlyForDeploymentPostprocessing = 0;
		};
		18D422D02158EAF30073A54F /* Frameworks */ = {
			isa = PBXFrameworksBuildPhase;
			buildActionMask = 2147483647;
			files = (
			);
			runOnlyForDeploymentPostprocessing = 0;
		};
/* End PBXFrameworksBuildPhase section */

/* Begin PBXGroup section */
		18D422A82158EAD80073A54F = {
			isa = PBXGroup;
			children = (
				18D422B32158EAD90073A54F /* ArKitApps */,
				18D422CB2158EAF30073A54F /* ArKitAppsTests */,
				18D422D62158EAF30073A54F /* ArKitAppsUITests */,
				18D422B22158EAD90073A54F /* Products */,
				18D422E52158EB9E0073A54F /* Frameworks */,
			);
			sourceTree = "<group>";
		};
		18D422B22158EAD90073A54F /* Products */ = {
			isa = PBXGroup;
			children = (
				18D422B12158EAD90073A54F /* ArKitApps.app */,
				18D422C82158EAF30073A54F /* ArKitAppsTests.xctest */,
				18D422D32158EAF30073A54F /* ArKitAppsUITests.xctest */,
			);
			name = Products;
			sourceTree = "<group>";
		};
		18D422B32158EAD90073A54F /* ArKitApps */ = {
			isa = PBXGroup;
			children = (
				18D422B42158EAD90073A54F /* AppDelegate.swift */,
				18D422B62158EADA0073A54F /* ViewController.swift */,
				18D422B82158EADA0073A54F /* Main.storyboard */,
				18D422BE2158EAF20073A54F /* Assets.xcassets */,
				18D422C02158EAF20073A54F /* LaunchScreen.storyboard */,
				18D422C32158EAF20073A54F /* Info.plist */,
			);
			path = ArKitApps;
			sourceTree = "<group>";
		};
		18D422CB2158EAF30073A54F /* ArKitAppsTests */ = {
			isa = PBXGroup;
			children = (
				18D422CC2158EAF30073A54F /* ArKitAppsTests.swift */,
				18D422CE2158EAF30073A54F /* Info.plist */,
			);
			path = ArKitAppsTests;
			sourceTree = "<group>";
		};
		18D422D62158EAF30073A54F /* ArKitAppsUITests */ = {
			isa = PBXGroup;
			children = (
				18D422D72158EAF30073A54F /* ArKitAppsUITests.swift */,
				18D422D92158EAF30073A54F /* Info.plist */,
			);
			path = ArKitAppsUITests;
			sourceTree = "<group>";
		};
		18D422E52158EB9E0073A54F /* Frameworks */ = {
			isa = PBXGroup;
			children = (
				18D422E62158EB9E0073A54F /* ARKit.framework */,
			);
			name = Frameworks;
			sourceTree = "<group>";
		};
/* End PBXGroup section */

/* Begin PBXNativeTarget section */
		18D422B02158EAD90073A54F /* ArKitApps */ = {
			isa = PBXNativeTarget;
			buildConfigurationList = 18D422DC2158EAF30073A54F /* Build configuration list for PBXNativeTarget "ArKitApps" */;
			buildPhases = (
				18D422AD2158EAD90073A54F /* Sources */,
				18D422AE2158EAD90073A54F /* Frameworks */,
				18D422AF2158EAD90073A54F /* Resources */,
			);
			buildRules = (
			);
			dependencies = (
			);
			name = ArKitApps;
			productName = ArKitApps;
			productReference = 18D422B12158EAD90073A54F /* ArKitApps.app */;
			productType = "com.apple.product-type.application";
		};
		18D422C72158EAF30073A54F /* ArKitAppsTests */ = {
			isa = PBXNativeTarget;
			buildConfigurationList = 18D422DF2158EAF30073A54F /* Build configuration list for PBXNativeTarget "ArKitAppsTests" */;
			buildPhases = (
				18D422C42158EAF30073A54F /* Sources */,
				18D422C52158EAF30073A54F /* Frameworks */,
				18D422C62158EAF30073A54F /* Resources */,
			);
			buildRules = (
			);
			dependencies = (
				18D422CA2158EAF30073A54F /* PBXTargetDependency */,
			);
			name = ArKitAppsTests;
			productName = ArKitAppsTests;
			productReference = 18D422C82158EAF30073A54F /* ArKitAppsTests.xctest */;
			productType = "com.apple.product-type.bundle.unit-test";
		};
		18D422D22158EAF30073A54F /* ArKitAppsUITests */ = {
			isa = PBXNativeTarget;
			buildConfigurationList = 18D422E22158EAF30073A54F /* Build configuration list for PBXNativeTarget "ArKitAppsUITests" */;
			buildPhases = (
				18D422CF2158EAF30073A54F /* Sources */,
				18D422D02158EAF30073A54F /* Frameworks */,
				18D422D12158EAF30073A54F /* Resources */,
			);
			buildRules = (
			);
			dependencies = (
				18D422D52158EAF30073A54F /* PBXTargetDependency */,
			);
			name = ArKitAppsUITests;
			productName = ArKitAppsUITests;
			productReference = 18D422D32158EAF30073A54F /* ArKitAppsUITests.xctest */;
			productType = "com.apple.product-type.bundle.ui-testing";
		};
/* End PBXNativeTarget section */

/* Begin PBXProject section */
		18D422A92158EAD80073A54F /* Project object */ = {
			isa = PBXProject;
			attributes = {
				LastSwiftUpdateCheck = 0940;
				LastUpgradeCheck = 0940;
				ORGANIZATIONNAME = Apple;
				TargetAttributes = {
					18D422B02158EAD90073A54F = {
						CreatedOnToolsVersion = 9.4.1;
					};
					18D422C72158EAF30073A54F = {
						CreatedOnToolsVersion = 9.4.1;
						TestTargetID = 18D422B02158EAD90073A54F;
					};
					18D422D22158EAF30073A54F = {
						CreatedOnToolsVersion = 9.4.1;
						TestTargetID = 18D422B02158EAD90073A54F;
					};
				};
			};
			buildConfigurationList = 18D422AC2158EAD90073A54F /* Build configuration list for PBXProject "ArKitApps" */;
			compatibilityVersion = "Xcode 9.3";
			developmentRegion = en;
			hasScannedForEncodings = 0;
			knownRegions = (
				en,
				Base,
			);
			mainGroup = 18D422A82158EAD80073A54F;
			productRefGroup = 18D422B22158EAD90073A54F /* Products */;
			projectDirPath = "";
			projectRoot = "";
			targets = (
				18D422B02158EAD90073A54F /* ArKitApps */,
				18D422C72158EAF30073A54F /* ArKitAppsTests */,
				18D422D22158EAF30073A54F /* ArKitAppsUITests */,
			);
		};
/* End PBXProject section */

/* Begin PBXResourcesBuildPhase section */
		18D422AF2158EAD90073A54F /* Resources */ = {
			isa = PBXResourcesBuildPhase;
			buildActionMask = 2147483647;
			files = (
				18D422C22158EAF20073A54F /* LaunchScreen.storyboard in Resources */,
				18D422BF2158EAF20073A54F /* Assets.xcassets in Resources */,
				18D422BA2158EADA0073A54F /* Main.storyboard in Resources */,
			);
			runOnlyForDeploymentPostprocessing = 0;
		};
		18D422C62158EAF30073A54F /* Resources */ = {
			isa = PBXResourcesBuildPhase;
			buildActionMask = 2147483647;
			files = (
			);
			runOnlyForDeploymentPostprocessing = 0;
		};
		18D422D12158EAF30073A54F /* Resources */ = {
			isa = PBXResourcesBuildPhase;
			buildActionMask = 2147483647;
			files = (
			);
			runOnlyForDeploymentPostprocessing = 0;
		};
/* End PBXResourcesBuildPhase section */

/* Begin PBXSourcesBuildPhase section */
		18D422AD2158EAD90073A54F /* Sources */ = {
			isa = PBXSourcesBuildPhase;
			buildActionMask = 2147483647;
			files = (
				18D422B72158EADA0073A54F /* ViewController.swift in Sources */,
				18D422B52158EADA0073A54F /* AppDelegate.swift in Sources */,
			);
			runOnlyForDeploymentPostprocessing = 0;
		};
		18D422C42158EAF30073A54F /* Sources */ = {
			isa = PBXSourcesBuildPhase;
			buildActionMask = 2147483647;
			files = (
				18D422CD2158EAF30073A54F /* ArKitAppsTests.swift in Sources */,
			);
			runOnlyForDeploymentPostprocessing = 0;
		};
		18D422CF2158EAF30073A54F /* Sources */ = {
			isa = PBXSourcesBuildPhase;
			buildActionMask = 2147483647;
			files = (
				18D422D82158EAF30073A54F /* ArKitAppsUITests.swift in Sources */,
			);
			runOnlyForDeploymentPostprocessing = 0;
		};
/* End PBXSourcesBuildPhase section */

/* Begin PBXTargetDependency section */
		18D422CA2158EAF30073A54F /* PBXTargetDependency */ = {
			isa = PBXTargetDependency;
			target = 18D422B02158EAD90073A54F /* ArKitApps */;
			targetProxy = 18D422C92158EAF30073A54F /* PBXContainerItemProxy */;
		};
		18D422D52158EAF30073A54F /* PBXTargetDependency */ = {
			isa = PBXTargetDependency;
			target = 18D422B02158EAD90073A54F /* ArKitApps */;
			targetProxy = 18D422D42158EAF30073A54F /* PBXContainerItemProxy */;
		};
/* End PBXTargetDependency section */

/* Begin PBXVariantGroup section */
		18D422B82158EADA0073A54F /* Main.storyboard */ = {
			isa = PBXVariantGroup;
			children = (
				18D422B92158EADA0073A54F /* Base */,
			);
			name = Main.storyboard;
			sourceTree = "<group>";
		};
		18D422C02158EAF20073A54F /* LaunchScreen.storyboard */ = {
			isa = PBXVariantGroup;
			children = (
				18D422C12158EAF20073A54F /* Base */,
			);
			name = LaunchScreen.storyboard;
			sourceTree = "<group>";
		};
/* End PBXVariantGroup section */

/* Begin XCBuildConfiguration section */
		18D422DA2158EAF30073A54F /* Debug */ = {
			isa = XCBuildConfiguration;
			buildSettings = {
				ALWAYS_SEARCH_USER_PATHS = NO;
				CLANG_ANALYZER_NONNULL = YES;
				CLANG_ANALYZER_NUMBER_OBJECT_CONVERSION = YES_AGGRESSIVE;
				CLANG_CXX_LANGUAGE_STANDARD = "gnu++14";
				CLANG_CXX_LIBRARY = "libc++";
				CLANG_ENABLE_MODULES = YES;
				CLANG_ENABLE_OBJC_ARC = YES;
				CLANG_ENABLE_OBJC_WEAK = YES;
				CLANG_WARN_BLOCK_CAPTURE_AUTORELEASING = YES;
				CLANG_WARN_BOOL_CONVERSION = YES;
				CLANG_WARN_COMMA = YES;
				CLANG_WARN_CONSTANT_CONVERSION = YES;
				CLANG_WARN_DEPRECATED_OBJC_IMPLEMENTATIONS = YES;
				CLANG_WARN_DIRECT_OBJC_ISA_USAGE = YES_ERROR;
				CLANG_WARN_DOCUMENTATION_COMMENTS = YES;
				CLANG_WARN_EMPTY_BODY = YES;
				CLANG_WARN_ENUM_CONVERSION = YES;
				CLANG_WARN_INFINITE_RECURSION = YES;
				CLANG_WARN_INT_CONVERSION = YES;
				CLANG_WARN_NON_LITERAL_NULL_CONVERSION = YES;
				CLANG_WARN_OBJC_IMPLICIT_RETAIN_SELF = YES;
				CLANG_WARN_OBJC_LITERAL_CONVERSION = YES;
				CLANG_WARN_OBJC_ROOT_CLASS = YES_ERROR;
				CLANG_WARN_RANGE_LOOP_ANALYSIS = YES;
				CLANG_WARN_STRICT_PROTOTYPES = YES;
				CLANG_WARN_SUSPICIOUS_MOVE = YES;
				CLANG_WARN_UNGUARDED_AVAILABILITY = YES_AGGRESSIVE;
				CLANG_WARN_UNREACHABLE_CODE = YES;
				CLANG_WARN__DUPLICATE_METHOD_MATCH = YES;
				CODE_SIGN_IDENTITY = "iPhone Developer";
				COPY_PHASE_STRIP = NO;
				DEBUG_INFORMATION_FORMAT = dwarf;
				ENABLE_STRICT_OBJC_MSGSEND = YES;
				ENABLE_TESTABILITY = YES;
				GCC_C_LANGUAGE_STANDARD = gnu11;
				GCC_DYNAMIC_NO_PIC = NO;
				GCC_NO_COMMON_BLOCKS = YES;
				GCC_OPTIMIZATION_LEVEL = 0;
				GCC_PREPROCESSOR_DEFINITIONS = (
					"DEBUG=1",
					"$(inherited)",
				);
				GCC_WARN_64_TO_32_BIT_CONVERSION = YES;
				GCC_WARN_ABOUT_RETURN_TYPE = YES_ERROR;
				GCC_WARN_UNDECLARED_SELECTOR = YES;
				GCC_WARN_UNINITIALIZED_AUTOS = YES_AGGRESSIVE;
				GCC_WARN_UNUSED_FUNCTION = YES;
				GCC_WARN_UNUSED_VARIABLE = YES;
				IPHONEOS_DEPLOYMENT_TARGET = 11.4;
				MTL_ENABLE_DEBUG_INFO = YES;
				ONLY_ACTIVE_ARCH = YES;
				SDKROOT = iphoneos;
				SWIFT_ACTIVE_COMPILATION_CONDITIONS = DEBUG;
				SWIFT_OPTIMIZATION_LEVEL = "-Onone";
			};
			name = Debug;
		};
		18D422DB2158EAF30073A54F /* Release */ = {
			isa = XCBuildConfiguration;
			buildSettings = {
				ALWAYS_SEARCH_USER_PATHS = NO;
				CLANG_ANALYZER_NONNULL = YES;
				CLANG_ANALYZER_NUMBER_OBJECT_CONVERSION = YES_AGGRESSIVE;
				CLANG_CXX_LANGUAGE_STANDARD = "gnu++14";
				CLANG_CXX_LIBRARY = "libc++";
				CLANG_ENABLE_MODULES = YES;
				CLANG_ENABLE_OBJC_ARC = YES;
				CLANG_ENABLE_OBJC_WEAK = YES;
				CLANG_WARN_BLOCK_CAPTURE_AUTORELEASING = YES;
				CLANG_WARN_BOOL_CONVERSION = YES;
				CLANG_WARN_COMMA = YES;
				CLANG_WARN_CONSTANT_CONVERSION = YES;
				CLANG_WARN_DEPRECATED_OBJC_IMPLEMENTATIONS = YES;
				CLANG_WARN_DIRECT_OBJC_ISA_USAGE = YES_ERROR;
				CLANG_WARN_DOCUMENTATION_COMMENTS = YES;
				CLANG_WARN_EMPTY_BODY = YES;
				CLANG_WARN_ENUM_CONVERSION = YES;
				CLANG_WARN_INFINITE_RECURSION = YES;
				CLANG_WARN_INT_CONVERSION = YES;
				CLANG_WARN_NON_LITERAL_NULL_CONVERSION = YES;
				CLANG_WARN_OBJC_IMPLICIT_RETAIN_SELF = YES;
				CLANG_WARN_OBJC_LITERAL_CONVERSION = YES;
				CLANG_WARN_OBJC_ROOT_CLASS = YES_ERROR;
				CLANG_WARN_RANGE_LOOP_ANALYSIS = YES;
				CLANG_WARN_STRICT_PROTOTYPES = YES;
				CLANG_WARN_SUSPICIOUS_MOVE = YES;
				CLANG_WARN_UNGUARDED_AVAILABILITY = YES_AGGRESSIVE;
				CLANG_WARN_UNREACHABLE_CODE = YES;
				CLANG_WARN__DUPLICATE_METHOD_MATCH = YES;
				CODE_SIGN_IDENTITY = "iPhone Developer";
				COPY_PHASE_STRIP = NO;
				DEBUG_INFORMATION_FORMAT = "dwarf-with-dsym";
				ENABLE_NS_ASSERTIONS = NO;
				ENABLE_STRICT_OBJC_MSGSEND = YES;
				GCC_C_LANGUAGE_STANDARD = gnu11;
				GCC_NO_COMMON_BLOCKS = YES;
				GCC_WARN_64_TO_32_BIT_CONVERSION = YES;
				GCC_WARN_ABOUT_RETURN_TYPE = YES_ERROR;
				GCC_WARN_UNDECLARED_SELECTOR = YES;
				GCC_WARN_UNINITIALIZED_AUTOS = YES_AGGRESSIVE;
				GCC_WARN_UNUSED_FUNCTION = YES;
				GCC_WARN_UNUSED_VARIABLE = YES;
				IPHONEOS_DEPLOYMENT_TARGET = 11.4;
				MTL_ENABLE_DEBUG_INFO = NO;
				SDKROOT = iphoneos;
				SWIFT_COMPILATION_MODE = wholemodule;
				SWIFT_OPTIMIZATION_LEVEL = "-O";
				VALIDATE_PRODUCT = YES;
			};
			name = Release;
		};
		18D422DD2158EAF30073A54F /* Debug */ = {
			isa = XCBuildConfiguration;
			buildSettings = {
				ASSETCATALOG_COMPILER_APPICON_NAME = AppIcon;
				CODE_SIGN_IDENTITY = "iPhone Developer";
				CODE_SIGN_STYLE = Automatic;
				DEVELOPMENT_TEAM = F986CH4K95;
				INFOPLIST_FILE = ArKitApps/Info.plist;
				LD_RUNPATH_SEARCH_PATHS = (
					"$(inherited)",
					"@executable_path/Frameworks",
				);
				PRODUCT_BUNDLE_IDENTIFIER = com.zindal.ArKitApps;
				PRODUCT_NAME = "$(TARGET_NAME)";
				PROVISIONING_PROFILE_SPECIFIER = "";
				SWIFT_VERSION = 4.0;
				TARGETED_DEVICE_FAMILY = "1,2";
			};
			name = Debug;
		};
		18D422DE2158EAF30073A54F /* Release */ = {
			isa = XCBuildConfiguration;
			buildSettings = {
				ASSETCATALOG_COMPILER_APPICON_NAME = AppIcon;
				CODE_SIGN_IDENTITY = "iPhone Developer";
				CODE_SIGN_STYLE = Automatic;
				DEVELOPMENT_TEAM = F986CH4K95;
				INFOPLIST_FILE = ArKitApps/Info.plist;
				LD_RUNPATH_SEARCH_PATHS = (
					"$(inherited)",
					"@executable_path/Frameworks",
				);
				PRODUCT_BUNDLE_IDENTIFIER = com.zindal.ArKitApps;
				PRODUCT_NAME = "$(TARGET_NAME)";
				PROVISIONING_PROFILE_SPECIFIER = "";
				SWIFT_VERSION = 4.0;
				TARGETED_DEVICE_FAMILY = "1,2";
			};
			name = Release;
		};
		18D422E02158EAF30073A54F /* Debug */ = {
			isa = XCBuildConfiguration;
			buildSettings = {
				ALWAYS_EMBED_SWIFT_STANDARD_LIBRARIES = YES;
				BUNDLE_LOADER = "$(TEST_HOST)";
				CODE_SIGN_STYLE = Automatic;
				INFOPLIST_FILE = ArKitAppsTests/Info.plist;
				LD_RUNPATH_SEARCH_PATHS = (
					"$(inherited)",
					"@executable_path/Frameworks",
					"@loader_path/Frameworks",
				);
				PRODUCT_BUNDLE_IDENTIFIER = com.ToDo.forastar.ArKitAppsTests;
				PRODUCT_NAME = "$(TARGET_NAME)";
				SWIFT_VERSION = 4.0;
				TARGETED_DEVICE_FAMILY = "1,2";
				TEST_HOST = "$(BUILT_PRODUCTS_DIR)/ArKitApps.app/ArKitApps";
			};
			name = Debug;
		};
		18D422E12158EAF30073A54F /* Release */ = {
			isa = XCBuildConfiguration;
			buildSettings = {
				ALWAYS_EMBED_SWIFT_STANDARD_LIBRARIES = YES;
				BUNDLE_LOADER = "$(TEST_HOST)";
				CODE_SIGN_STYLE = Automatic;
				INFOPLIST_FILE = ArKitAppsTests/Info.plist;
				LD_RUNPATH_SEARCH_PATHS = (
					"$(inherited)",
					"@executable_path/Frameworks",
					"@loader_path/Frameworks",
				);
				PRODUCT_BUNDLE_IDENTIFIER = com.ToDo.forastar.ArKitAppsTests;
				PRODUCT_NAME = "$(TARGET_NAME)";
				SWIFT_VERSION = 4.0;
				TARGETED_DEVICE_FAMILY = "1,2";
				TEST_HOST = "$(BUILT_PRODUCTS_DIR)/ArKitApps.app/ArKitApps";
			};
			name = Release;
		};
		18D422E32158EAF30073A54F /* Debug */ = {
			isa = XCBuildConfiguration;
			buildSettings = {
				ALWAYS_EMBED_SWIFT_STANDARD_LIBRARIES = YES;
				CODE_SIGN_STYLE = Automatic;
				INFOPLIST_FILE = ArKitAppsUITests/Info.plist;
				LD_RUNPATH_SEARCH_PATHS = (
					"$(inherited)",
					"@executable_path/Frameworks",
					"@loader_path/Frameworks",
				);
				PRODUCT_BUNDLE_IDENTIFIER = com.ToDo.forastar.ArKitAppsUITests;
				PRODUCT_NAME = "$(TARGET_NAME)";
				SWIFT_VERSION = 4.0;
				TARGETED_DEVICE_FAMILY = "1,2";
				TEST_TARGET_NAME = ArKitApps;
			};
			name = Debug;
		};
		18D422E42158EAF30073A54F /* Release */ = {
			isa = XCBuildConfiguration;
			buildSettings = {
				ALWAYS_EMBED_SWIFT_STANDARD_LIBRARIES = YES;
				CODE_SIGN_STYLE = Automatic;
				INFOPLIST_FILE = ArKitAppsUITests/Info.plist;
				LD_RUNPATH_SEARCH_PATHS = (
					"$(inherited)",
					"@executable_path/Frameworks",
					"@loader_path/Frameworks",
				);
				PRODUCT_BUNDLE_IDENTIFIER = com.ToDo.forastar.ArKitAppsUITests;
				PRODUCT_NAME = "$(TARGET_NAME)";
				SWIFT_VERSION = 4.0;
				TARGETED_DEVICE_FAMILY = "1,2";
				TEST_TARGET_NAME = ArKitApps;
			};
			name = Release;
		};
/* End XCBuildConfiguration section */

/* Begin XCConfigurationList section */
		18D422AC2158EAD90073A54F /* Build configuration list for PBXProject "ArKitApps" */ = {
			isa = XCConfigurationList;
			buildConfigurations = (
				18D422DA2158EAF30073A54F /* Debug */,
				18D422DB2158EAF30073A54F /* Release */,
			);
			defaultConfigurationIsVisible = 0;
			defaultConfigurationName = Release;
		};
		18D422DC2158EAF30073A54F /* Build configuration list for PBXNativeTarget "ArKitApps" */ = {
			isa = XCConfigurationList;
			buildConfigurations = (
				18D422DD2158EAF30073A54F /* Debug */,
				18D422DE2158EAF30073A54F /* Release */,
			);
			defaultConfigurationIsVisible = 0;
			defaultConfigurationName = Release;
		};
		18D422DF2158EAF30073A54F /* Build configuration list for PBXNativeTarget "ArKitAppsTests" */ = {
			isa = XCConfigurationList;
			buildConfigurations = (
				18D422E02158EAF30073A54F /* Debug */,
				18D422E12158EAF30073A54F /* Release */,
			);
			defaultConfigurationIsVisible = 0;
			defaultConfigurationName = Release;
		};
		18D422E22158EAF30073A54F /* Build configuration list for PBXNativeTarget "ArKitAppsUITests" */ = {
			isa = XCConfigurationList;
			buildConfigurations = (
				18D422E32158EAF30073A54F /* Debug */,
				18D422E42158EAF30073A54F /* Release */,
			);
			defaultConfigurationIsVisible = 0;
			defaultConfigurationName = Release;
		};
/* End XCConfigurationList section */
	};
	rootObject = 18D422A92158EAD80073A54F /* Project object */;
}
